// !$*UTF8*$!
{
	archiveVersion = 1;
	classes = {
	};
	objectVersion = 46;
	objects = {

/* Begin PBXBuildFile section */
		FA205F1E1EB2DADB005B01FB /* BindOperator.swift in Sources */ = {isa = PBXBuildFile; fileRef = FA205F1D1EB2DADB005B01FB /* BindOperator.swift */; };
		FA256FB61E5DB490008FB7C0 /* JoinPoint.swift in Sources */ = {isa = PBXBuildFile; fileRef = FA256FB51E5DB490008FB7C0 /* JoinPoint.swift */; };
		FA3837CF1F10F7450021412C /* RootLink.swift in Sources */ = {isa = PBXBuildFile; fileRef = FA3837CE1F10F7450021412C /* RootLink.swift */; };
		FA41097B1E9CFBC4002A6BA6 /* HoneyBeeTests.swift in Sources */ = {isa = PBXBuildFile; fileRef = FA41097A1E9CFBC4002A6BA6 /* HoneyBeeTests.swift */; };
		FA41097D1E9CFBC4002A6BA6 /* HoneyBee.framework in Frameworks */ = {isa = PBXBuildFile; fileRef = FA473BB81E352CB1007E4D61 /* HoneyBee.framework */; };
		FA48E16D1E947B1300729F09 /* Bind.swift in Sources */ = {isa = PBXBuildFile; fileRef = FA48E16C1E947B1300729F09 /* Bind.swift */; };
		FA4E8D3C1E8752E400D751B3 /* Chainable.swift in Sources */ = {isa = PBXBuildFile; fileRef = FA4E8D3B1E8752E400D751B3 /* Chainable.swift */; };
		FAC0CA1C1E4BDB6900ECC0DC /* HoneyBee.swift in Sources */ = {isa = PBXBuildFile; fileRef = FAC0CA1B1E4BDB6900ECC0DC /* HoneyBee.swift */; };
		FAC9DC7F1E352D6F00E21A01 /* AsyncSupport.swift in Sources */ = {isa = PBXBuildFile; fileRef = FAC9DC7C1E352D6F00E21A01 /* AsyncSupport.swift */; };
		FAC9DC801E352D6F00E21A01 /* FailableResult.swift in Sources */ = {isa = PBXBuildFile; fileRef = FAC9DC7D1E352D6F00E21A01 /* FailableResult.swift */; };
		FAC9DC811E352D6F00E21A01 /* ProcessLink.swift in Sources */ = {isa = PBXBuildFile; fileRef = FAC9DC7E1E352D6F00E21A01 /* ProcessLink.swift */; };
		FAD1DCA01EB757D600A6D912 /* PathDescribing.swift in Sources */ = {isa = PBXBuildFile; fileRef = FAD1DC9F1EB757D600A6D912 /* PathDescribing.swift */; };
		FADDE62B1F0DD02D00C19F5E /* ErrorHandling.swift in Sources */ = {isa = PBXBuildFile; fileRef = FADDE62A1F0DD02D00C19F5E /* ErrorHandling.swift */; };
/* End PBXBuildFile section */

/* Begin PBXContainerItemProxy section */
		FA41097E1E9CFBC4002A6BA6 /* PBXContainerItemProxy */ = {
			isa = PBXContainerItemProxy;
			containerPortal = FA473BAF1E352CB1007E4D61 /* Project object */;
			proxyType = 1;
			remoteGlobalIDString = FA473BB71E352CB1007E4D61;
			remoteInfo = HoneyBee;
		};
/* End PBXContainerItemProxy section */

/* Begin PBXFileReference section */
		FA205F1D1EB2DADB005B01FB /* BindOperator.swift */ = {isa = PBXFileReference; fileEncoding = 4; lastKnownFileType = sourcecode.swift; path = BindOperator.swift; sourceTree = "<group>"; };
		FA256FB51E5DB490008FB7C0 /* JoinPoint.swift */ = {isa = PBXFileReference; fileEncoding = 4; lastKnownFileType = sourcecode.swift; path = JoinPoint.swift; sourceTree = "<group>"; };
		FA3837CE1F10F7450021412C /* RootLink.swift */ = {isa = PBXFileReference; fileEncoding = 4; lastKnownFileType = sourcecode.swift; path = RootLink.swift; sourceTree = "<group>"; };
		FA4109781E9CFBC4002A6BA6 /* HoneyBeeTests.xctest */ = {isa = PBXFileReference; explicitFileType = wrapper.cfbundle; includeInIndex = 0; path = HoneyBeeTests.xctest; sourceTree = BUILT_PRODUCTS_DIR; };
		FA41097A1E9CFBC4002A6BA6 /* HoneyBeeTests.swift */ = {isa = PBXFileReference; lastKnownFileType = sourcecode.swift; path = HoneyBeeTests.swift; sourceTree = "<group>"; };
		FA41097C1E9CFBC4002A6BA6 /* Info.plist */ = {isa = PBXFileReference; lastKnownFileType = text.plist.xml; path = Info.plist; sourceTree = "<group>"; };
		FA473BB81E352CB1007E4D61 /* HoneyBee.framework */ = {isa = PBXFileReference; explicitFileType = wrapper.framework; includeInIndex = 0; path = HoneyBee.framework; sourceTree = BUILT_PRODUCTS_DIR; };
		FA473BBC1E352CB1007E4D61 /* Info.plist */ = {isa = PBXFileReference; lastKnownFileType = text.plist.xml; name = Info.plist; path = HoneyBee/Info.plist; sourceTree = "<group>"; };
		FA48E16C1E947B1300729F09 /* Bind.swift */ = {isa = PBXFileReference; fileEncoding = 4; lastKnownFileType = sourcecode.swift; path = Bind.swift; sourceTree = "<group>"; };
		FA4E8D3A1E874EB600D751B3 /* Generate.rb */ = {isa = PBXFileReference; lastKnownFileType = text.script.ruby; name = Generate.rb; path = HoneyBee/Generate.rb; sourceTree = "<group>"; };
		FA4E8D3B1E8752E400D751B3 /* Chainable.swift */ = {isa = PBXFileReference; fileEncoding = 4; lastKnownFileType = sourcecode.swift; path = Chainable.swift; sourceTree = "<group>"; };
		FA5FA32C1E70DE4B00625996 /* CommonCrypto.framework */ = {isa = PBXFileReference; lastKnownFileType = wrapper.framework; path = CommonCrypto.framework; sourceTree = "<group>"; };
		FAC0CA1B1E4BDB6900ECC0DC /* HoneyBee.swift */ = {isa = PBXFileReference; fileEncoding = 4; lastKnownFileType = sourcecode.swift; path = HoneyBee.swift; sourceTree = "<group>"; };
		FAC9DC7C1E352D6F00E21A01 /* AsyncSupport.swift */ = {isa = PBXFileReference; fileEncoding = 4; lastKnownFileType = sourcecode.swift; path = AsyncSupport.swift; sourceTree = "<group>"; };
		FAC9DC7D1E352D6F00E21A01 /* FailableResult.swift */ = {isa = PBXFileReference; fileEncoding = 4; lastKnownFileType = sourcecode.swift; path = FailableResult.swift; sourceTree = "<group>"; };
		FAC9DC7E1E352D6F00E21A01 /* ProcessLink.swift */ = {isa = PBXFileReference; fileEncoding = 4; lastKnownFileType = sourcecode.swift; path = ProcessLink.swift; sourceTree = "<group>"; };
		FAD1DC9F1EB757D600A6D912 /* PathDescribing.swift */ = {isa = PBXFileReference; fileEncoding = 4; lastKnownFileType = sourcecode.swift; path = PathDescribing.swift; sourceTree = "<group>"; };
		FADDE62A1F0DD02D00C19F5E /* ErrorHandling.swift */ = {isa = PBXFileReference; fileEncoding = 4; lastKnownFileType = sourcecode.swift; path = ErrorHandling.swift; sourceTree = "<group>"; };
/* End PBXFileReference section */

/* Begin PBXFrameworksBuildPhase section */
		FA4109751E9CFBC4002A6BA6 /* Frameworks */ = {
			isa = PBXFrameworksBuildPhase;
			buildActionMask = 2147483647;
			files = (
				FA41097D1E9CFBC4002A6BA6 /* HoneyBee.framework in Frameworks */,
			);
			runOnlyForDeploymentPostprocessing = 0;
		};
		FA473BB41E352CB1007E4D61 /* Frameworks */ = {
			isa = PBXFrameworksBuildPhase;
			buildActionMask = 2147483647;
			files = (
			);
			runOnlyForDeploymentPostprocessing = 0;
		};
/* End PBXFrameworksBuildPhase section */

/* Begin PBXGroup section */
		FA4109791E9CFBC4002A6BA6 /* HoneyBeeTests */ = {
			isa = PBXGroup;
			children = (
				FA41097A1E9CFBC4002A6BA6 /* HoneyBeeTests.swift */,
				FA41097C1E9CFBC4002A6BA6 /* Info.plist */,
			);
			path = HoneyBeeTests;
			sourceTree = "<group>";
		};
		FA473BAE1E352CB1007E4D61 = {
			isa = PBXGroup;
			children = (
				FA473BBA1E352CB1007E4D61 /* HoneyBee */,
				FADE8BE81EE4F36400A1D2BA /* Supporting Files */,
				FA4109791E9CFBC4002A6BA6 /* HoneyBeeTests */,
				FA473BB91E352CB1007E4D61 /* Products */,
				FA5FA32B1E70DE4B00625996 /* Frameworks */,
			);
			sourceTree = "<group>";
		};
		FA473BB91E352CB1007E4D61 /* Products */ = {
			isa = PBXGroup;
			children = (
				FA473BB81E352CB1007E4D61 /* HoneyBee.framework */,
				FA4109781E9CFBC4002A6BA6 /* HoneyBeeTests.xctest */,
			);
			name = Products;
			sourceTree = "<group>";
		};
		FA473BBA1E352CB1007E4D61 /* HoneyBee */ = {
			isa = PBXGroup;
			children = (
				FAC9DC7C1E352D6F00E21A01 /* AsyncSupport.swift */,
				FA48E16C1E947B1300729F09 /* Bind.swift */,
				FA205F1D1EB2DADB005B01FB /* BindOperator.swift */,
				FA4E8D3B1E8752E400D751B3 /* Chainable.swift */,
				FADDE62A1F0DD02D00C19F5E /* ErrorHandling.swift */,
				FAC9DC7D1E352D6F00E21A01 /* FailableResult.swift */,
				FAC0CA1B1E4BDB6900ECC0DC /* HoneyBee.swift */,
				FA256FB51E5DB490008FB7C0 /* JoinPoint.swift */,
				FAD1DC9F1EB757D600A6D912 /* PathDescribing.swift */,
				FAC9DC7E1E352D6F00E21A01 /* ProcessLink.swift */,
				FA3837CE1F10F7450021412C /* RootLink.swift */,
			);
			path = HoneyBee;
			sourceTree = "<group>";
		};
		FA5FA32B1E70DE4B00625996 /* Frameworks */ = {
			isa = PBXGroup;
			children = (
				FA5FA32C1E70DE4B00625996 /* CommonCrypto.framework */,
			);
			name = Frameworks;
			sourceTree = "<group>";
		};
		FADE8BE81EE4F36400A1D2BA /* Supporting Files */ = {
			isa = PBXGroup;
			children = (
				FA4E8D3A1E874EB600D751B3 /* Generate.rb */,
				FA473BBC1E352CB1007E4D61 /* Info.plist */,
			);
			name = "Supporting Files";
			sourceTree = "<group>";
		};
/* End PBXGroup section */

/* Begin PBXHeadersBuildPhase section */
		FA473BB51E352CB1007E4D61 /* Headers */ = {
			isa = PBXHeadersBuildPhase;
			buildActionMask = 2147483647;
			files = (
			);
			runOnlyForDeploymentPostprocessing = 0;
		};
/* End PBXHeadersBuildPhase section */

/* Begin PBXNativeTarget section */
		FA4109771E9CFBC4002A6BA6 /* HoneyBeeTests */ = {
			isa = PBXNativeTarget;
			buildConfigurationList = FA4109821E9CFBC4002A6BA6 /* Build configuration list for PBXNativeTarget "HoneyBeeTests" */;
			buildPhases = (
				FA4109741E9CFBC4002A6BA6 /* Sources */,
				FA4109751E9CFBC4002A6BA6 /* Frameworks */,
				FA4109761E9CFBC4002A6BA6 /* Resources */,
			);
			buildRules = (
			);
			dependencies = (
				FA41097F1E9CFBC4002A6BA6 /* PBXTargetDependency */,
			);
			name = HoneyBeeTests;
			productName = HoneyBeeTests;
			productReference = FA4109781E9CFBC4002A6BA6 /* HoneyBeeTests.xctest */;
			productType = "com.apple.product-type.bundle.unit-test";
		};
		FA473BB71E352CB1007E4D61 /* HoneyBee */ = {
			isa = PBXNativeTarget;
			buildConfigurationList = FA473BCC1E352CB1007E4D61 /* Build configuration list for PBXNativeTarget "HoneyBee" */;
			buildPhases = (
				FA473BB31E352CB1007E4D61 /* Sources */,
				FA473BB41E352CB1007E4D61 /* Frameworks */,
				FA473BB51E352CB1007E4D61 /* Headers */,
				FACA52421E6D918E00A78AD3 /* Set Build Number */,
				FA473BB61E352CB1007E4D61 /* Resources */,
			);
			buildRules = (
			);
			dependencies = (
			);
			name = HoneyBee;
			productName = HoneyBee;
			productReference = FA473BB81E352CB1007E4D61 /* HoneyBee.framework */;
			productType = "com.apple.product-type.framework";
		};
/* End PBXNativeTarget section */

/* Begin PBXProject section */
		FA473BAF1E352CB1007E4D61 /* Project object */ = {
			isa = PBXProject;
			attributes = {
				LastSwiftUpdateCheck = 0830;
				LastUpgradeCheck = 0820;
				ORGANIZATIONNAME = "IAM Apps";
				TargetAttributes = {
					FA4109771E9CFBC4002A6BA6 = {
						CreatedOnToolsVersion = 8.3.1;
						DevelopmentTeam = A4Q9SQ9LHR;
						ProvisioningStyle = Automatic;
					};
					FA473BB71E352CB1007E4D61 = {
						CreatedOnToolsVersion = 8.2.1;
						DevelopmentTeam = A4Q9SQ9LHR;
						LastSwiftMigration = 0820;
						ProvisioningStyle = Automatic;
					};
				};
			};
			buildConfigurationList = FA473BB21E352CB1007E4D61 /* Build configuration list for PBXProject "HoneyBee" */;
			compatibilityVersion = "Xcode 3.2";
			developmentRegion = English;
			hasScannedForEncodings = 0;
			knownRegions = (
				en,
				Base,
			);
			mainGroup = FA473BAE1E352CB1007E4D61;
			productRefGroup = FA473BB91E352CB1007E4D61 /* Products */;
			projectDirPath = "";
			projectRoot = "";
			targets = (
				FA473BB71E352CB1007E4D61 /* HoneyBee */,
				FA4109771E9CFBC4002A6BA6 /* HoneyBeeTests */,
			);
		};
/* End PBXProject section */

/* Begin PBXResourcesBuildPhase section */
		FA4109761E9CFBC4002A6BA6 /* Resources */ = {
			isa = PBXResourcesBuildPhase;
			buildActionMask = 2147483647;
			files = (
			);
			runOnlyForDeploymentPostprocessing = 0;
		};
		FA473BB61E352CB1007E4D61 /* Resources */ = {
			isa = PBXResourcesBuildPhase;
			buildActionMask = 2147483647;
			files = (
			);
			runOnlyForDeploymentPostprocessing = 0;
		};
/* End PBXResourcesBuildPhase section */

/* Begin PBXShellScriptBuildPhase section */
		FACA52421E6D918E00A78AD3 /* Set Build Number */ = {
			isa = PBXShellScriptBuildPhase;
			buildActionMask = 2147483647;
			files = (
			);
			inputPaths = (
			);
			name = "Set Build Number";
			outputPaths = (
			);
			runOnlyForDeploymentPostprocessing = 0;
			shellPath = /bin/sh;
			shellScript = "if [ \"$CONFIGURATION\" != \"Debug\" ]; then\nbuildNumber=$(git log | wc -l | tr -d '[[:space:]]')\nbuildNumber=$(($buildNumber))\n/usr/libexec/PlistBuddy -c \"Set :CFBundleVersion $buildNumber\" \"${PROJECT_DIR}/${INFOPLIST_FILE}\"\nfi";
		};
/* End PBXShellScriptBuildPhase section */

/* Begin PBXSourcesBuildPhase section */
		FA4109741E9CFBC4002A6BA6 /* Sources */ = {
			isa = PBXSourcesBuildPhase;
			buildActionMask = 2147483647;
			files = (
				FA41097B1E9CFBC4002A6BA6 /* HoneyBeeTests.swift in Sources */,
			);
			runOnlyForDeploymentPostprocessing = 0;
		};
		FA473BB31E352CB1007E4D61 /* Sources */ = {
			isa = PBXSourcesBuildPhase;
			buildActionMask = 2147483647;
			files = (
				FAC9DC801E352D6F00E21A01 /* FailableResult.swift in Sources */,
				FA4E8D3C1E8752E400D751B3 /* Chainable.swift in Sources */,
				FAD1DCA01EB757D600A6D912 /* PathDescribing.swift in Sources */,
				FAC0CA1C1E4BDB6900ECC0DC /* HoneyBee.swift in Sources */,
				FA48E16D1E947B1300729F09 /* Bind.swift in Sources */,
				FA205F1E1EB2DADB005B01FB /* BindOperator.swift in Sources */,
				FA3837CF1F10F7450021412C /* RootLink.swift in Sources */,
				FAC9DC811E352D6F00E21A01 /* ProcessLink.swift in Sources */,
				FADDE62B1F0DD02D00C19F5E /* ErrorHandling.swift in Sources */,
				FAC9DC7F1E352D6F00E21A01 /* AsyncSupport.swift in Sources */,
				FA256FB61E5DB490008FB7C0 /* JoinPoint.swift in Sources */,
			);
			runOnlyForDeploymentPostprocessing = 0;
		};
/* End PBXSourcesBuildPhase section */

/* Begin PBXTargetDependency section */
		FA41097F1E9CFBC4002A6BA6 /* PBXTargetDependency */ = {
			isa = PBXTargetDependency;
			target = FA473BB71E352CB1007E4D61 /* HoneyBee */;
			targetProxy = FA41097E1E9CFBC4002A6BA6 /* PBXContainerItemProxy */;
		};
/* End PBXTargetDependency section */

/* Begin XCBuildConfiguration section */
		FA4109801E9CFBC4002A6BA6 /* Debug */ = {
			isa = XCBuildConfiguration;
			buildSettings = {
				CLANG_ANALYZER_NUMBER_OBJECT_CONVERSION = YES_AGGRESSIVE;
				DEVELOPMENT_TEAM = A4Q9SQ9LHR;
				INFOPLIST_FILE = HoneyBeeTests/Info.plist;
				IPHONEOS_DEPLOYMENT_TARGET = 10.3;
				LD_RUNPATH_SEARCH_PATHS = "$(inherited) @executable_path/Frameworks @loader_path/Frameworks";
				PRODUCT_BUNDLE_IDENTIFIER = com.iamapps.HoneyBeeTests;
				PRODUCT_NAME = "$(TARGET_NAME)";
				SWIFT_VERSION = 3.0;
			};
			name = Debug;
		};
		FA4109811E9CFBC4002A6BA6 /* Release */ = {
			isa = XCBuildConfiguration;
			buildSettings = {
				CLANG_ANALYZER_NUMBER_OBJECT_CONVERSION = YES_AGGRESSIVE;
				DEVELOPMENT_TEAM = A4Q9SQ9LHR;
				INFOPLIST_FILE = HoneyBeeTests/Info.plist;
				IPHONEOS_DEPLOYMENT_TARGET = 10.3;
				LD_RUNPATH_SEARCH_PATHS = "$(inherited) @executable_path/Frameworks @loader_path/Frameworks";
				PRODUCT_BUNDLE_IDENTIFIER = com.iamapps.HoneyBeeTests;
				PRODUCT_NAME = "$(TARGET_NAME)";
				SWIFT_VERSION = 3.0;
			};
			name = Release;
		};
		FA473BCA1E352CB1007E4D61 /* Debug */ = {
			isa = XCBuildConfiguration;
			buildSettings = {
				ALWAYS_SEARCH_USER_PATHS = NO;
				CLANG_ANALYZER_NONNULL = YES;
				CLANG_CXX_LANGUAGE_STANDARD = "gnu++0x";
				CLANG_CXX_LIBRARY = "libc++";
				CLANG_ENABLE_MODULES = YES;
				CLANG_ENABLE_OBJC_ARC = YES;
				CLANG_WARN_BOOL_CONVERSION = YES;
				CLANG_WARN_CONSTANT_CONVERSION = YES;
				CLANG_WARN_DIRECT_OBJC_ISA_USAGE = YES_ERROR;
				CLANG_WARN_DOCUMENTATION_COMMENTS = YES;
				CLANG_WARN_EMPTY_BODY = YES;
				CLANG_WARN_ENUM_CONVERSION = YES;
				CLANG_WARN_INFINITE_RECURSION = YES;
				CLANG_WARN_INT_CONVERSION = YES;
				CLANG_WARN_OBJC_ROOT_CLASS = YES_ERROR;
				CLANG_WARN_SUSPICIOUS_MOVE = YES;
				CLANG_WARN_UNREACHABLE_CODE = YES;
				CLANG_WARN__DUPLICATE_METHOD_MATCH = YES;
				"CODE_SIGN_IDENTITY[sdk=iphoneos*]" = "iPhone Developer";
				COPY_PHASE_STRIP = NO;
				CURRENT_PROJECT_VERSION = 1;
				DEBUG_INFORMATION_FORMAT = dwarf;
				ENABLE_STRICT_OBJC_MSGSEND = YES;
				ENABLE_TESTABILITY = YES;
				GCC_C_LANGUAGE_STANDARD = gnu99;
				GCC_DYNAMIC_NO_PIC = NO;
				GCC_NO_COMMON_BLOCKS = YES;
				GCC_OPTIMIZATION_LEVEL = 0;
				GCC_PREPROCESSOR_DEFINITIONS = (
					"DEBUG=1",
					"$(inherited)",
				);
				GCC_WARN_64_TO_32_BIT_CONVERSION = YES;
				GCC_WARN_ABOUT_RETURN_TYPE = YES_ERROR;
				GCC_WARN_UNDECLARED_SELECTOR = YES;
				GCC_WARN_UNINITIALIZED_AUTOS = YES_AGGRESSIVE;
				GCC_WARN_UNUSED_FUNCTION = YES;
				GCC_WARN_UNUSED_VARIABLE = YES;
				IPHONEOS_DEPLOYMENT_TARGET = 10.2;
				MTL_ENABLE_DEBUG_INFO = YES;
				ONLY_ACTIVE_ARCH = YES;
				SDKROOT = iphoneos;
				SWIFT_ACTIVE_COMPILATION_CONDITIONS = DEBUG;
				SWIFT_OPTIMIZATION_LEVEL = "-Onone";
				TARGETED_DEVICE_FAMILY = "1,2,3,4";
				VERSIONING_SYSTEM = "apple-generic";
				VERSION_INFO_PREFIX = "";
			};
			name = Debug;
		};
		FA473BCB1E352CB1007E4D61 /* Release */ = {
			isa = XCBuildConfiguration;
			buildSettings = {
				ALWAYS_SEARCH_USER_PATHS = NO;
				CLANG_ANALYZER_NONNULL = YES;
				CLANG_CXX_LANGUAGE_STANDARD = "gnu++0x";
				CLANG_CXX_LIBRARY = "libc++";
				CLANG_ENABLE_MODULES = YES;
				CLANG_ENABLE_OBJC_ARC = YES;
				CLANG_WARN_BOOL_CONVERSION = YES;
				CLANG_WARN_CONSTANT_CONVERSION = YES;
				CLANG_WARN_DIRECT_OBJC_ISA_USAGE = YES_ERROR;
				CLANG_WARN_DOCUMENTATION_COMMENTS = YES;
				CLANG_WARN_EMPTY_BODY = YES;
				CLANG_WARN_ENUM_CONVERSION = YES;
				CLANG_WARN_INFINITE_RECURSION = YES;
				CLANG_WARN_INT_CONVERSION = YES;
				CLANG_WARN_OBJC_ROOT_CLASS = YES_ERROR;
				CLANG_WARN_SUSPICIOUS_MOVE = YES;
				CLANG_WARN_UNREACHABLE_CODE = YES;
				CLANG_WARN__DUPLICATE_METHOD_MATCH = YES;
				"CODE_SIGN_IDENTITY[sdk=iphoneos*]" = "iPhone Developer";
				COPY_PHASE_STRIP = NO;
				CURRENT_PROJECT_VERSION = 1;
				DEBUG_INFORMATION_FORMAT = "dwarf-with-dsym";
				ENABLE_NS_ASSERTIONS = NO;
				ENABLE_STRICT_OBJC_MSGSEND = YES;
				GCC_C_LANGUAGE_STANDARD = gnu99;
				GCC_NO_COMMON_BLOCKS = YES;
				GCC_WARN_64_TO_32_BIT_CONVERSION = YES;
				GCC_WARN_ABOUT_RETURN_TYPE = YES_ERROR;
				GCC_WARN_UNDECLARED_SELECTOR = YES;
				GCC_WARN_UNINITIALIZED_AUTOS = YES_AGGRESSIVE;
				GCC_WARN_UNUSED_FUNCTION = YES;
				GCC_WARN_UNUSED_VARIABLE = YES;
				IPHONEOS_DEPLOYMENT_TARGET = 10.2;
				MTL_ENABLE_DEBUG_INFO = NO;
				SDKROOT = iphoneos;
				SWIFT_OPTIMIZATION_LEVEL = "-Owholemodule";
				TARGETED_DEVICE_FAMILY = "1,2,3,4";
				VALIDATE_PRODUCT = YES;
				VERSIONING_SYSTEM = "apple-generic";
				VERSION_INFO_PREFIX = "";
			};
			name = Release;
		};
		FA473BCD1E352CB1007E4D61 /* Debug */ = {
			isa = XCBuildConfiguration;
			buildSettings = {
				CLANG_ENABLE_MODULES = YES;
				CODE_SIGN_IDENTITY = "";
				DEFINES_MODULE = YES;
				DEVELOPMENT_TEAM = A4Q9SQ9LHR;
				DYLIB_COMPATIBILITY_VERSION = 1;
				DYLIB_CURRENT_VERSION = 1;
				DYLIB_INSTALL_NAME_BASE = "@rpath";
				FRAMEWORK_SEARCH_PATHS = (
					"$(inherited)",
					"$(PROJECT_DIR)",
				);
				INFOPLIST_FILE = HoneyBee/Info.plist;
				INSTALL_PATH = "$(LOCAL_LIBRARY_DIR)/Frameworks";
				IPHONEOS_DEPLOYMENT_TARGET = 9.0;
				LD_RUNPATH_SEARCH_PATHS = "$(inherited) @executable_path/Frameworks @loader_path/Frameworks";
				PRODUCT_BUNDLE_IDENTIFIER = com.iamapps.HoneyBee;
				PRODUCT_NAME = "$(TARGET_NAME)";
				SKIP_INSTALL = NO;
				SWIFT_OBJC_BRIDGING_HEADER = "";
				SWIFT_OPTIMIZATION_LEVEL = "-Onone";
				SWIFT_VERSION = 3.0;
			};
			name = Debug;
		};
		FA473BCE1E352CB1007E4D61 /* Release */ = {
			isa = XCBuildConfiguration;
			buildSettings = {
				CLANG_ENABLE_MODULES = YES;
				CODE_SIGN_IDENTITY = "";
				DEFINES_MODULE = YES;
				DEVELOPMENT_TEAM = A4Q9SQ9LHR;
				DYLIB_COMPATIBILITY_VERSION = 1;
				DYLIB_CURRENT_VERSION = 1;
				DYLIB_INSTALL_NAME_BASE = "@rpath";
				FRAMEWORK_SEARCH_PATHS = (
					"$(inherited)",
					"$(PROJECT_DIR)",
				);
				INFOPLIST_FILE = HoneyBee/Info.plist;
				INSTALL_PATH = "$(LOCAL_LIBRARY_DIR)/Frameworks";
				IPHONEOS_DEPLOYMENT_TARGET = 9.0;
				LD_RUNPATH_SEARCH_PATHS = "$(inherited) @executable_path/Frameworks @loader_path/Frameworks";
				PRODUCT_BUNDLE_IDENTIFIER = com.iamapps.HoneyBee;
				PRODUCT_NAME = "$(TARGET_NAME)";
				SKIP_INSTALL = NO;
				SWIFT_OBJC_BRIDGING_HEADER = "";
				SWIFT_VERSION = 3.0;
			};
			name = Release;
		};
/* End XCBuildConfiguration section */

/* Begin XCConfigurationList section */
		FA4109821E9CFBC4002A6BA6 /* Build configuration list for PBXNativeTarget "HoneyBeeTests" */ = {
			isa = XCConfigurationList;
			buildConfigurations = (
				FA4109801E9CFBC4002A6BA6 /* Debug */,
				FA4109811E9CFBC4002A6BA6 /* Release */,
			);
			defaultConfigurationIsVisible = 0;
			defaultConfigurationName = Release;
		};
		FA473BB21E352CB1007E4D61 /* Build configuration list for PBXProject "HoneyBee" */ = {
			isa = XCConfigurationList;
			buildConfigurations = (
				FA473BCA1E352CB1007E4D61 /* Debug */,
				FA473BCB1E352CB1007E4D61 /* Release */,
			);
			defaultConfigurationIsVisible = 0;
			defaultConfigurationName = Release;
		};
		FA473BCC1E352CB1007E4D61 /* Build configuration list for PBXNativeTarget "HoneyBee" */ = {
			isa = XCConfigurationList;
			buildConfigurations = (
				FA473BCD1E352CB1007E4D61 /* Debug */,
				FA473BCE1E352CB1007E4D61 /* Release */,
			);
			defaultConfigurationIsVisible = 0;
			defaultConfigurationName = Release;
		};
/* End XCConfigurationList section */
	};
	rootObject = FA473BAF1E352CB1007E4D61 /* Project object */;
}
